
Microsoft Visual Studio Solution File, Format Version 12.00
# Visual Studio Version 17
VisualStudioVersion = 17.2.32630.192
MinimumVisualStudioVersion = 10.0.40219.1
Project("{FAE04EC0-301F-11D3-BF4B-00C04F79EFBC}") = "ProjectOrder", "ProjectOrder\ProjectOrder.csproj", "{A44DE3B3-C5E4-4BEC-A547-BD73E8D655C0}"
EndProject
Global
	GlobalSection(SolutionConfigurationPlatforms) = preSolution
		Debug|Any CPU = Debug|Any CPU
		Release|Any CPU = Release|Any CPU
	EndGlobalSection
	GlobalSection(ProjectConfigurationPlatforms) = postSolution
		{A44DE3B3-C5E4-4BEC-A547-BD73E8D655C0}.Debug|Any CPU.ActiveCfg = Debug|Any CPU
		{A44DE3B3-C5E4-4BEC-A547-BD73E8D655C0}.Debug|Any CPU.Build.0 = Debug|Any CPU
		{A44DE3B3-C5E4-4BEC-A547-BD73E8D655C0}.Release|Any CPU.ActiveCfg = Release|Any CPU
		{A44DE3B3-C5E4-4BEC-A547-BD73E8D655C0}.Release|Any CPU.Build.0 = Release|Any CPU
	EndGlobalSection
	GlobalSection(SolutionProperties) = preSolution
		HideSolutionNode = FALSE
	EndGlobalSection
	GlobalSection(ExtensibilityGlobals) = postSolution
		SolutionGuid = {EDF20A33-72C7-4793-864A-0B0E478C1844}
	EndGlobalSection
EndGlobal
